
Microsoft Visual Studio Solution File, Format Version 11.00
# Visual Studio 2010
Project("{FAE04EC0-301F-11D3-BF4B-00C04F79EFBC}") = "UnityEngine.TestRunner", "UnityEngine.TestRunner.csproj", "{86DECBCC-E958-636C-0D16-DCE037BDF6AD}"
EndProject
Project("{FAE04EC0-301F-11D3-BF4B-00C04F79EFBC}") = "UnityEngine.UI", "UnityEngine.UI.csproj", "{5166EF62-49B1-83F8-4CE9-414B06C593E4}"
EndProject
Project("{FAE04EC0-301F-11D3-BF4B-00C04F79EFBC}") = "com.unity.multiplayer-hlapi.Runtime", "com.unity.multiplayer-hlapi.Runtime.csproj", "{E0040593-C55D-334E-F2D9-045A41A1F280}"
EndProject
Project("{FAE04EC0-301F-11D3-BF4B-00C04F79EFBC}") = "Unity.TextMeshPro", "Unity.TextMeshPro.csproj", "{C1BD0D23-76E5-0DB8-F998-DF084AAB2E0D}"
EndProject
Project("{FAE04EC0-301F-11D3-BF4B-00C04F79EFBC}") = "Unity.Timeline", "Unity.Timeline.csproj", "{4F5519CF-D7E3-021A-6E78-CE036FD99D7F}"
EndProject
Project("{FAE04EC0-301F-11D3-BF4B-00C04F79EFBC}") = "UnityEngine.Advertisements", "UnityEngine.Advertisements.csproj", "{64AF921D-9405-E16E-A34D-61599C757667}"
EndProject
Project("{FAE04EC0-301F-11D3-BF4B-00C04F79EFBC}") = "Unity.Analytics.DataPrivacy", "Unity.Analytics.DataPrivacy.csproj", "{31BB440C-5A91-7D33-5F28-500A697F42BB}"
EndProject
Project("{FAE04EC0-301F-11D3-BF4B-00C04F79EFBC}") = "UnityEngine.Monetization", "UnityEngine.Monetization.csproj", "{8CEE41AE-DE83-F0D5-0859-F885AFFEF612}"
EndProject
Project("{FAE04EC0-301F-11D3-BF4B-00C04F79EFBC}") = "UnityEngine.XR.LegacyInputHelpers", "UnityEngine.XR.LegacyInputHelpers.csproj", "{6B62C793-57AE-F873-2650-B6C2D3451B7F}"
EndProject
Project("{FAE04EC0-301F-11D3-BF4B-00C04F79EFBC}") = "UnityEngine.SpatialTracking", "UnityEngine.SpatialTracking.csproj", "{E89A36E4-E0D4-7F74-13F3-450C5B39EB78}"
EndProject
Project("{FAE04EC0-301F-11D3-BF4B-00C04F79EFBC}") = "Assembly-CSharp", "Assembly-CSharp.csproj", "{B2B58FB2-4462-6B0C-A872-40DD957E5FE0}"
EndProject
Project("{FAE04EC0-301F-11D3-BF4B-00C04F79EFBC}") = "Unity.TextMeshPro.Editor", "Unity.TextMeshPro.Editor.csproj", "{9A1C864E-BEA1-EEFB-CA45-CF9C1E24C27E}"
EndProject
Project("{FAE04EC0-301F-11D3-BF4B-00C04F79EFBC}") = "Unity.Timeline.Editor", "Unity.Timeline.Editor.csproj", "{D5DE0C21-7127-2564-597B-B50456EA80A2}"
EndProject
Project("{FAE04EC0-301F-11D3-BF4B-00C04F79EFBC}") = "UnityEditor.TestRunner", "UnityEditor.TestRunner.csproj", "{79BD3602-F49E-FC5F-D168-D55E8032F8C9}"
EndProject
Project("{FAE04EC0-301F-11D3-BF4B-00C04F79EFBC}") = "Unity.2D.Sprite.Editor", "Unity.2D.Sprite.Editor.csproj", "{E895022B-FC6B-89DE-F24E-8C8D305353A4}"
EndProject
Project("{FAE04EC0-301F-11D3-BF4B-00C04F79EFBC}") = "com.unity.multiplayer-hlapi.Editor", "com.unity.multiplayer-hlapi.Editor.csproj", "{B423E17E-7A4A-320C-B4B8-C024CC70D2C5}"
EndProject
Project("{FAE04EC0-301F-11D3-BF4B-00C04F79EFBC}") = "UnityEditor.UI", "UnityEditor.UI.csproj", "{46D59EF0-6788-C10D-25DD-0D8144EB4B31}"
EndProject
Project("{FAE04EC0-301F-11D3-BF4B-00C04F79EFBC}") = "Unity.Rider.Editor", "Unity.Rider.Editor.csproj", "{326A4F9C-20F0-E078-29A3-6605A766BA46}"
EndProject
Project("{FAE04EC0-301F-11D3-BF4B-00C04F79EFBC}") = "Unity.2D.Tilemap.Editor", "Unity.2D.Tilemap.Editor.csproj", "{804DA0BF-D17B-4A1D-912D-B68881B89E22}"
EndProject
Project("{FAE04EC0-301F-11D3-BF4B-00C04F79EFBC}") = "UnityEditor.XR.LegacyInputHelpers", "UnityEditor.XR.LegacyInputHelpers.csproj", "{043108BD-5526-DAED-4EB0-EF18186EDF5B}"
EndProject
Project("{FAE04EC0-301F-11D3-BF4B-00C04F79EFBC}") = "Unity.CollabProxy.Editor", "Unity.CollabProxy.Editor.csproj", "{37F795A0-7B2D-F2ED-D868-2C8F2C06FA1D}"
EndProject
Project("{FAE04EC0-301F-11D3-BF4B-00C04F79EFBC}") = "com.unity.multiplayer-weaver.Editor", "com.unity.multiplayer-weaver.Editor.csproj", "{B1EDF3C3-7DD4-566B-7875-0ADC33410C5A}"
EndProject
Project("{FAE04EC0-301F-11D3-BF4B-00C04F79EFBC}") = "Unity.VSCode.Editor", "Unity.VSCode.Editor.csproj", "{02FE65F0-FA6E-FB2F-DC1E-CB733254DFAF}"
EndProject
Project("{FAE04EC0-301F-11D3-BF4B-00C04F79EFBC}") = "UnityEditor.SpatialTracking", "UnityEditor.SpatialTracking.csproj", "{EA433B54-0D2B-DDD2-7537-EB2AA7A522C2}"
EndProject
Global
	GlobalSection(SolutionConfigurationPlatforms) = preSolution
		Debug|Any CPU = Debug|Any CPU
		Release|Any CPU = Release|Any CPU
	EndGlobalSection
	GlobalSection(ProjectConfigurationPlatforms) = postSolution
		{86DECBCC-E958-636C-0D16-DCE037BDF6AD}.Debug|Any CPU.ActiveCfg = Debug|Any CPU
		{86DECBCC-E958-636C-0D16-DCE037BDF6AD}.Debug|Any CPU.Build.0 = Debug|Any CPU
		{86DECBCC-E958-636C-0D16-DCE037BDF6AD}.Release|Any CPU.ActiveCfg = Release|Any CPU
		{86DECBCC-E958-636C-0D16-DCE037BDF6AD}.Release|Any CPU.Build.0 = Release|Any CPU
		{5166EF62-49B1-83F8-4CE9-414B06C593E4}.Debug|Any CPU.ActiveCfg = Debug|Any CPU
		{5166EF62-49B1-83F8-4CE9-414B06C593E4}.Debug|Any CPU.Build.0 = Debug|Any CPU
		{5166EF62-49B1-83F8-4CE9-414B06C593E4}.Release|Any CPU.ActiveCfg = Release|Any CPU
		{5166EF62-49B1-83F8-4CE9-414B06C593E4}.Release|Any CPU.Build.0 = Release|Any CPU
		{E0040593-C55D-334E-F2D9-045A41A1F280}.Debug|Any CPU.ActiveCfg = Debug|Any CPU
		{E0040593-C55D-334E-F2D9-045A41A1F280}.Debug|Any CPU.Build.0 = Debug|Any CPU
		{E0040593-C55D-334E-F2D9-045A41A1F280}.Release|Any CPU.ActiveCfg = Release|Any CPU
		{E0040593-C55D-334E-F2D9-045A41A1F280}.Release|Any CPU.Build.0 = Release|Any CPU
		{C1BD0D23-76E5-0DB8-F998-DF084AAB2E0D}.Debug|Any CPU.ActiveCfg = Debug|Any CPU
		{C1BD0D23-76E5-0DB8-F998-DF084AAB2E0D}.Debug|Any CPU.Build.0 = Debug|Any CPU
		{C1BD0D23-76E5-0DB8-F998-DF084AAB2E0D}.Release|Any CPU.ActiveCfg = Release|Any CPU
		{C1BD0D23-76E5-0DB8-F998-DF084AAB2E0D}.Release|Any CPU.Build.0 = Release|Any CPU
		{4F5519CF-D7E3-021A-6E78-CE036FD99D7F}.Debug|Any CPU.ActiveCfg = Debug|Any CPU
		{4F5519CF-D7E3-021A-6E78-CE036FD99D7F}.Debug|Any CPU.Build.0 = Debug|Any CPU
		{4F5519CF-D7E3-021A-6E78-CE036FD99D7F}.Release|Any CPU.ActiveCfg = Release|Any CPU
		{4F5519CF-D7E3-021A-6E78-CE036FD99D7F}.Release|Any CPU.Build.0 = Release|Any CPU
		{64AF921D-9405-E16E-A34D-61599C757667}.Debug|Any CPU.ActiveCfg = Debug|Any CPU
		{64AF921D-9405-E16E-A34D-61599C757667}.Debug|Any CPU.Build.0 = Debug|Any CPU
		{64AF921D-9405-E16E-A34D-61599C757667}.Release|Any CPU.ActiveCfg = Release|Any CPU
		{64AF921D-9405-E16E-A34D-61599C757667}.Release|Any CPU.Build.0 = Release|Any CPU
		{31BB440C-5A91-7D33-5F28-500A697F42BB}.Debug|Any CPU.ActiveCfg = Debug|Any CPU
		{31BB440C-5A91-7D33-5F28-500A697F42BB}.Debug|Any CPU.Build.0 = Debug|Any CPU
		{31BB440C-5A91-7D33-5F28-500A697F42BB}.Release|Any CPU.ActiveCfg = Release|Any CPU
		{31BB440C-5A91-7D33-5F28-500A697F42BB}.Release|Any CPU.Build.0 = Release|Any CPU
		{8CEE41AE-DE83-F0D5-0859-F885AFFEF612}.Debug|Any CPU.ActiveCfg = Debug|Any CPU
		{8CEE41AE-DE83-F0D5-0859-F885AFFEF612}.Debug|Any CPU.Build.0 = Debug|Any CPU
		{8CEE41AE-DE83-F0D5-0859-F885AFFEF612}.Release|Any CPU.ActiveCfg = Release|Any CPU
		{8CEE41AE-DE83-F0D5-0859-F885AFFEF612}.Release|Any CPU.Build.0 = Release|Any CPU
		{6B62C793-57AE-F873-2650-B6C2D3451B7F}.Debug|Any CPU.ActiveCfg = Debug|Any CPU
		{6B62C793-57AE-F873-2650-B6C2D3451B7F}.Debug|Any CPU.Build.0 = Debug|Any CPU
		{6B62C793-57AE-F873-2650-B6C2D3451B7F}.Release|Any CPU.ActiveCfg = Release|Any CPU
		{6B62C793-57AE-F873-2650-B6C2D3451B7F}.Release|Any CPU.Build.0 = Release|Any CPU
		{E89A36E4-E0D4-7F74-13F3-450C5B39EB78}.Debug|Any CPU.ActiveCfg = Debug|Any CPU
		{E89A36E4-E0D4-7F74-13F3-450C5B39EB78}.Debug|Any CPU.Build.0 = Debug|Any CPU
		{E89A36E4-E0D4-7F74-13F3-450C5B39EB78}.Release|Any CPU.ActiveCfg = Release|Any CPU
		{E89A36E4-E0D4-7F74-13F3-450C5B39EB78}.Release|Any CPU.Build.0 = Release|Any CPU
		{B2B58FB2-4462-6B0C-A872-40DD957E5FE0}.Debug|Any CPU.ActiveCfg = Debug|Any CPU
		{B2B58FB2-4462-6B0C-A872-40DD957E5FE0}.Debug|Any CPU.Build.0 = Debug|Any CPU
		{B2B58FB2-4462-6B0C-A872-40DD957E5FE0}.Release|Any CPU.ActiveCfg = Release|Any CPU
		{B2B58FB2-4462-6B0C-A872-40DD957E5FE0}.Release|Any CPU.Build.0 = Release|Any CPU
		{9A1C864E-BEA1-EEFB-CA45-CF9C1E24C27E}.Debug|Any CPU.ActiveCfg = Debug|Any CPU
		{9A1C864E-BEA1-EEFB-CA45-CF9C1E24C27E}.Debug|Any CPU.Build.0 = Debug|Any CPU
		{9A1C864E-BEA1-EEFB-CA45-CF9C1E24C27E}.Release|Any CPU.ActiveCfg = Release|Any CPU
		{9A1C864E-BEA1-EEFB-CA45-CF9C1E24C27E}.Release|Any CPU.Build.0 = Release|Any CPU
		{D5DE0C21-7127-2564-597B-B50456EA80A2}.Debug|Any CPU.ActiveCfg = Debug|Any CPU
		{D5DE0C21-7127-2564-597B-B50456EA80A2}.Debug|Any CPU.Build.0 = Debug|Any CPU
		{D5DE0C21-7127-2564-597B-B50456EA80A2}.Release|Any CPU.ActiveCfg = Release|Any CPU
		{D5DE0C21-7127-2564-597B-B50456EA80A2}.Release|Any CPU.Build.0 = Release|Any CPU
		{79BD3602-F49E-FC5F-D168-D55E8032F8C9}.Debug|Any CPU.ActiveCfg = Debug|Any CPU
		{79BD3602-F49E-FC5F-D168-D55E8032F8C9}.Debug|Any CPU.Build.0 = Debug|Any CPU
		{79BD3602-F49E-FC5F-D168-D55E8032F8C9}.Release|Any CPU.ActiveCfg = Release|Any CPU
		{79BD3602-F49E-FC5F-D168-D55E8032F8C9}.Release|Any CPU.Build.0 = Release|Any CPU
		{E895022B-FC6B-89DE-F24E-8C8D305353A4}.Debug|Any CPU.ActiveCfg = Debug|Any CPU
		{E895022B-FC6B-89DE-F24E-8C8D305353A4}.Debug|Any CPU.Build.0 = Debug|Any CPU
		{E895022B-FC6B-89DE-F24E-8C8D305353A4}.Release|Any CPU.ActiveCfg = Release|Any CPU
		{E895022B-FC6B-89DE-F24E-8C8D305353A4}.Release|Any CPU.Build.0 = Release|Any CPU
		{B423E17E-7A4A-320C-B4B8-C024CC70D2C5}.Debug|Any CPU.ActiveCfg = Debug|Any CPU
		{B423E17E-7A4A-320C-B4B8-C024CC70D2C5}.Debug|Any CPU.Build.0 = Debug|Any CPU
		{B423E17E-7A4A-320C-B4B8-C024CC70D2C5}.Release|Any CPU.ActiveCfg = Release|Any CPU
		{B423E17E-7A4A-320C-B4B8-C024CC70D2C5}.Release|Any CPU.Build.0 = Release|Any CPU
		{46D59EF0-6788-C10D-25DD-0D8144EB4B31}.Debug|Any CPU.ActiveCfg = Debug|Any CPU
		{46D59EF0-6788-C10D-25DD-0D8144EB4B31}.Debug|Any CPU.Build.0 = Debug|Any CPU
		{46D59EF0-6788-C10D-25DD-0D8144EB4B31}.Release|Any CPU.ActiveCfg = Release|Any CPU
		{46D59EF0-6788-C10D-25DD-0D8144EB4B31}.Release|Any CPU.Build.0 = Release|Any CPU
		{326A4F9C-20F0-E078-29A3-6605A766BA46}.Debug|Any CPU.ActiveCfg = Debug|Any CPU
		{326A4F9C-20F0-E078-29A3-6605A766BA46}.Debug|Any CPU.Build.0 = Debug|Any CPU
		{326A4F9C-20F0-E078-29A3-6605A766BA46}.Release|Any CPU.ActiveCfg = Release|Any CPU
		{326A4F9C-20F0-E078-29A3-6605A766BA46}.Release|Any CPU.Build.0 = Release|Any CPU
		{804DA0BF-D17B-4A1D-912D-B68881B89E22}.Debug|Any CPU.ActiveCfg = Debug|Any CPU
		{804DA0BF-D17B-4A1D-912D-B68881B89E22}.Debug|Any CPU.Build.0 = Debug|Any CPU
		{804DA0BF-D17B-4A1D-912D-B68881B89E22}.Release|Any CPU.ActiveCfg = Release|Any CPU
		{804DA0BF-D17B-4A1D-912D-B68881B89E22}.Release|Any CPU.Build.0 = Release|Any CPU
		{043108BD-5526-DAED-4EB0-EF18186EDF5B}.Debug|Any CPU.ActiveCfg = Debug|Any CPU
		{043108BD-5526-DAED-4EB0-EF18186EDF5B}.Debug|Any CPU.Build.0 = Debug|Any CPU
		{043108BD-5526-DAED-4EB0-EF18186EDF5B}.Release|Any CPU.ActiveCfg = Release|Any CPU
		{043108BD-5526-DAED-4EB0-EF18186EDF5B}.Release|Any CPU.Build.0 = Release|Any CPU
		{37F795A0-7B2D-F2ED-D868-2C8F2C06FA1D}.Debug|Any CPU.ActiveCfg = Debug|Any CPU
		{37F795A0-7B2D-F2ED-D868-2C8F2C06FA1D}.Debug|Any CPU.Build.0 = Debug|Any CPU
		{37F795A0-7B2D-F2ED-D868-2C8F2C06FA1D}.Release|Any CPU.ActiveCfg = Release|Any CPU
		{37F795A0-7B2D-F2ED-D868-2C8F2C06FA1D}.Release|Any CPU.Build.0 = Release|Any CPU
		{B1EDF3C3-7DD4-566B-7875-0ADC33410C5A}.Debug|Any CPU.ActiveCfg = Debug|Any CPU
		{B1EDF3C3-7DD4-566B-7875-0ADC33410C5A}.Debug|Any CPU.Build.0 = Debug|Any CPU
		{B1EDF3C3-7DD4-566B-7875-0ADC33410C5A}.Release|Any CPU.ActiveCfg = Release|Any CPU
		{B1EDF3C3-7DD4-566B-7875-0ADC33410C5A}.Release|Any CPU.Build.0 = Release|Any CPU
		{02FE65F0-FA6E-FB2F-DC1E-CB733254DFAF}.Debug|Any CPU.ActiveCfg = Debug|Any CPU
		{02FE65F0-FA6E-FB2F-DC1E-CB733254DFAF}.Debug|Any CPU.Build.0 = Debug|Any CPU
		{02FE65F0-FA6E-FB2F-DC1E-CB733254DFAF}.Release|Any CPU.ActiveCfg = Release|Any CPU
		{02FE65F0-FA6E-FB2F-DC1E-CB733254DFAF}.Release|Any CPU.Build.0 = Release|Any CPU
		{EA433B54-0D2B-DDD2-7537-EB2AA7A522C2}.Debug|Any CPU.ActiveCfg = Debug|Any CPU
		{EA433B54-0D2B-DDD2-7537-EB2AA7A522C2}.Debug|Any CPU.Build.0 = Debug|Any CPU
		{EA433B54-0D2B-DDD2-7537-EB2AA7A522C2}.Release|Any CPU.ActiveCfg = Release|Any CPU
		{EA433B54-0D2B-DDD2-7537-EB2AA7A522C2}.Release|Any CPU.Build.0 = Release|Any CPU
	EndGlobalSection
	GlobalSection(SolutionProperties) = preSolution
		HideSolutionNode = FALSE
	EndGlobalSection
EndGlobal
